// !$*UTF8*$!
{
	archiveVersion = 1;
	classes = {
	};
	objectVersion = 46;
	objects = {
/* Begin PBXBuildFile section */
		1D3623260D0F684500981E51 /* AppDelegate.m in Sources */ = {isa = PBXBuildFile; fileRef = 1D3623250D0F684500981E51 /* AppDelegate.m */; };
		1D60589B0D05DD56006BFB54 /* main.m in Sources */ = {isa = PBXBuildFile; fileRef = 29B97316FDCFA39411CA2CEA /* main.m */; };
		288765FD0DF74451002DB57D /* CoreGraphics.framework in Frameworks */ = {isa = PBXBuildFile; fileRef = 288765FC0DF74451002DB57D /* CoreGraphics.framework */; };
		301BF552109A68D80062928A /* libCordova.a in Frameworks */ = {isa = PBXBuildFile; fileRef = 301BF535109A57CC0062928A /* libCordova.a */; };
		302D95F114D2391D003F00A1 /* MainViewController.m in Sources */ = {isa = PBXBuildFile; fileRef = 302D95EF14D2391D003F00A1 /* MainViewController.m */; };
		302D95F214D2391D003F00A1 /* MainViewController.xib in Resources */ = {isa = PBXBuildFile; fileRef = 302D95F014D2391D003F00A1 /* MainViewController.xib */; };
		305D5FD1115AB8F900A74A75 /* MobileCoreServices.framework in Frameworks */ = {isa = PBXBuildFile; fileRef = 305D5FD0115AB8F900A74A75 /* MobileCoreServices.framework */; };
		3088BBBD154F3926009F9C59 /* Default-Landscape@2x~ipad.png in Resources */ = {isa = PBXBuildFile; fileRef = 3088BBB7154F3926009F9C59 /* Default-Landscape@2x~ipad.png */; };
		3088BBBE154F3926009F9C59 /* Default-Landscape~ipad.png in Resources */ = {isa = PBXBuildFile; fileRef = 3088BBB8154F3926009F9C59 /* Default-Landscape~ipad.png */; };
		3088BBBF154F3926009F9C59 /* Default-Portrait@2x~ipad.png in Resources */ = {isa = PBXBuildFile; fileRef = 3088BBB9154F3926009F9C59 /* Default-Portrait@2x~ipad.png */; };
		3088BBC0154F3926009F9C59 /* Default-Portrait~ipad.png in Resources */ = {isa = PBXBuildFile; fileRef = 3088BBBA154F3926009F9C59 /* Default-Portrait~ipad.png */; };
		3088BBC1154F3926009F9C59 /* Default@2x~iphone.png in Resources */ = {isa = PBXBuildFile; fileRef = 3088BBBB154F3926009F9C59 /* Default@2x~iphone.png */; };
		3088BBC2154F3926009F9C59 /* Default~iphone.png in Resources */ = {isa = PBXBuildFile; fileRef = 3088BBBC154F3926009F9C59 /* Default~iphone.png */; };
		308D05371370CCF300D202BF /* icon-72.png in Resources */ = {isa = PBXBuildFile; fileRef = 308D052E1370CCF300D202BF /* icon-72.png */; };
		308D05381370CCF300D202BF /* icon.png in Resources */ = {isa = PBXBuildFile; fileRef = 308D052F1370CCF300D202BF /* icon.png */; };
		308D05391370CCF300D202BF /* icon@2x.png in Resources */ = {isa = PBXBuildFile; fileRef = 308D05301370CCF300D202BF /* icon@2x.png */; };
		30B4F30019D5E07200D9F7D8 /* Default-667h.png in Resources */ = {isa = PBXBuildFile; fileRef = 30B4F2FD19D5E07200D9F7D8 /* Default-667h.png */; };
		30B4F30119D5E07200D9F7D8 /* Default-736h.png in Resources */ = {isa = PBXBuildFile; fileRef = 30B4F2FE19D5E07200D9F7D8 /* Default-736h.png */; };
		30B4F30219D5E07200D9F7D8 /* Default-Landscape-736h.png in Resources */ = {isa = PBXBuildFile; fileRef = 30B4F2FF19D5E07200D9F7D8 /* Default-Landscape-736h.png */; };
		30C1856619D5FC0A00212699 /* icon-60@3x.png in Resources */ = {isa = PBXBuildFile; fileRef = 30C1856519D5FC0A00212699 /* icon-60@3x.png */; };
		30FC414916E50CA1004E6F35 /* icon-72@2x.png in Resources */ = {isa = PBXBuildFile; fileRef = 30FC414816E50CA1004E6F35 /* icon-72@2x.png */; };
		5B1594DD16A7569C00FEF299 /* AssetsLibrary.framework in Frameworks */ = {isa = PBXBuildFile; fileRef = 5B1594DC16A7569C00FEF299 /* AssetsLibrary.framework */; };
		7E7966DE1810823500FA85AD /* icon-40.png in Resources */ = {isa = PBXBuildFile; fileRef = 7E7966D41810823500FA85AD /* icon-40.png */; };
		7E7966DF1810823500FA85AD /* icon-40@2x.png in Resources */ = {isa = PBXBuildFile; fileRef = 7E7966D51810823500FA85AD /* icon-40@2x.png */; };
		7E7966E01810823500FA85AD /* icon-50.png in Resources */ = {isa = PBXBuildFile; fileRef = 7E7966D61810823500FA85AD /* icon-50.png */; };
		7E7966E11810823500FA85AD /* icon-50@2x.png in Resources */ = {isa = PBXBuildFile; fileRef = 7E7966D71810823500FA85AD /* icon-50@2x.png */; };
		7E7966E21810823500FA85AD /* icon-60.png in Resources */ = {isa = PBXBuildFile; fileRef = 7E7966D81810823500FA85AD /* icon-60.png */; };
		7E7966E31810823500FA85AD /* icon-60@2x.png in Resources */ = {isa = PBXBuildFile; fileRef = 7E7966D91810823500FA85AD /* icon-60@2x.png */; };
		7E7966E41810823500FA85AD /* icon-76.png in Resources */ = {isa = PBXBuildFile; fileRef = 7E7966DA1810823500FA85AD /* icon-76.png */; };
		7E7966E51810823500FA85AD /* icon-76@2x.png in Resources */ = {isa = PBXBuildFile; fileRef = 7E7966DB1810823500FA85AD /* icon-76@2x.png */; };
		7E7966E61810823500FA85AD /* icon-small.png in Resources */ = {isa = PBXBuildFile; fileRef = 7E7966DC1810823500FA85AD /* icon-small.png */; };
		7E7966E71810823500FA85AD /* icon-small@2x.png in Resources */ = {isa = PBXBuildFile; fileRef = 7E7966DD1810823500FA85AD /* icon-small@2x.png */; };
		D4A0D8761607E02300AEF8BB /* Default-568h@2x~iphone.png in Resources */ = {isa = PBXBuildFile; fileRef = D4A0D8751607E02300AEF8BB /* Default-568h@2x~iphone.png */; };
		1046897226C6445FB417FDE4 /* HttpRequest.m in Sources */ = {isa = PBXBuildFile; fileRef = DF866F94F7C64A50A3DEE99C /* HttpRequest.m */; };
		F49E6EEEBF954A4B8181DA27 /* R9HTTPRequest.m in Sources */ = {isa = PBXBuildFile; fileRef = 8ABE6B39391D456D98774FEC /* R9HTTPRequest.m */; };
		D9002D125C314B93B83CF124 /* README in Resources */ = {isa = PBXBuildFile; fileRef = 465C9561E6CA49D0B0AFE0A7 /* README */; };
		AD82164DFDC149D1847F81B0 /* BSD-LICENSE in Resources */ = {isa = PBXBuildFile; fileRef = 7E081D468D9C40AE89A29609 /* BSD-LICENSE */; };
		0AF1CFDE2EEA4FCA84222C02 /* GoogleMaps.bundle in Resources */ = {isa = PBXBuildFile; fileRef = 90184A21144F481DA88D9590 /* GoogleMaps.bundle */; };
		E59E3C6E00D84F67BECAF8AF /* GoogleMaps.framework in Frameworks */ = {isa = PBXBuildFile; fileRef = 0ABD27BA7BF34AD3AA5CA2B4 /* GoogleMaps.framework */; };
		B158C960386A45E18AF0BFF6 /* AVFoundation.framework in Frameworks */ = {isa = PBXBuildFile; fileRef = 88058A8B32264B29A381E9A2 /* AVFoundation.framework */; };
		48C74EA93DE048DB9B855413 /* CoreData.framework in Frameworks */ = {isa = PBXBuildFile; fileRef = 72667A91F63D412B83FC8480 /* CoreData.framework */; };
		265565839BF148B19B440119 /* CoreLocation.framework in Frameworks */ = {isa = PBXBuildFile; fileRef = D5B9CD0AAA4F42A68E60A82D /* CoreLocation.framework */; };
		0F439CCC63224B86AFC64327 /* CoreText.framework in Frameworks */ = {isa = PBXBuildFile; fileRef = 27D3491EDC214C4B97B55CC2 /* CoreText.framework */; };
		0BF15F42F73B4526B06AC8A0 /* GLKit.framework in Frameworks */ = {isa = PBXBuildFile; fileRef = E24A379195534FA3BB25FC52 /* GLKit.framework */; };
		975BDEC108E7477AB823D26A /* ImageIO.framework in Frameworks */ = {isa = PBXBuildFile; fileRef = C092BAC6370D49B9A69DFE88 /* ImageIO.framework */; };
		AB6552644028457A8144C132 /* libc++.dylib in Frameworks */ = {isa = PBXBuildFile; fileRef = 83076A7CAAC4418D94DEACCB /* libc++.dylib */; };
		8EF7F4F61E5D4E11A5EC0483 /* libicucore.dylib in Frameworks */ = {isa = PBXBuildFile; fileRef = 5C68D30185BA4F829893B37A /* libicucore.dylib */; };
		68CDB8E589064F61A71CD373 /* libz.dylib in Frameworks */ = {isa = PBXBuildFile; fileRef = 416712EC11AB41E2A05F59DB /* libz.dylib */; };
		752C55461C154E1EBD73459C /* OpenGLES.framework in Frameworks */ = {isa = PBXBuildFile; fileRef = B34E0103FA824724A0E332E8 /* OpenGLES.framework */; };
		E59553038E804FD1BFC61FF5 /* QuartzCore.framework in Frameworks */ = {isa = PBXBuildFile; fileRef = D0ED10B20C33473392B4D569 /* QuartzCore.framework */; };
		23AB422B4C9C415A8BA893AB /* SystemConfiguration.framework in Frameworks */ = {isa = PBXBuildFile; fileRef = E1B5899F38544FA9B20F5AD1 /* SystemConfiguration.framework */; };
		8BE2DA488B454FDCAAD1FC23 /* Circle.m in Sources */ = {isa = PBXBuildFile; fileRef = F40E9748D6E84EDAAAC1EE70 /* Circle.m */; };
		40DAEF7725004885B6A8F731 /* External.m in Sources */ = {isa = PBXBuildFile; fileRef = 64D81C589ED84EAA9697824F /* External.m */; };
		8226F5253D854A6DAFCC1B06 /* Geocoder.m in Sources */ = {isa = PBXBuildFile; fileRef = EE699A8E79014FE7886FE41E /* Geocoder.m */; };
		564DD77E7F734EB1939876DC /* GoogleMaps.m in Sources */ = {isa = PBXBuildFile; fileRef = 36431EC92B6249A692A91E68 /* GoogleMaps.m */; };
		7CD339EC27884ADB9FF0BAA3 /* GoogleMapsViewController.m in Sources */ = {isa = PBXBuildFile; fileRef = 7796F065CDF14D6595FE036E /* GoogleMapsViewController.m */; };
		AAB81B206ADB46E9A7F17975 /* GroundOverlay.m in Sources */ = {isa = PBXBuildFile; fileRef = A49950C91575462491BEB07B /* GroundOverlay.m */; };
		B021498D4AC24A238948B32E /* KmlOverlay.m in Sources */ = {isa = PBXBuildFile; fileRef = 906CE19ACABD47C59920040C /* KmlOverlay.m */; };
		B0E9B3AA88E94D02995871B0 /* Map.m in Sources */ = {isa = PBXBuildFile; fileRef = 2DD61AD991024875BCFABFED /* Map.m */; };
		C82CE048C4A743AD8D8400D4 /* Marker.m in Sources */ = {isa = PBXBuildFile; fileRef = 0BD6653D998F40E7BFF29F72 /* Marker.m */; };
		AC368E426EBC4DEB8C9C6FE7 /* PluginUtil.m in Sources */ = {isa = PBXBuildFile; fileRef = FB0B6B875ED24223B912C925 /* PluginUtil.m */; };
		F79952B1D6EE4DD785D4E26A /* Polygon.m in Sources */ = {isa = PBXBuildFile; fileRef = 4CB16DA23572456293A3D4DE /* Polygon.m */; };
		9EEAB843C66F473EA7A3C431 /* Polyline.m in Sources */ = {isa = PBXBuildFile; fileRef = 8419495E94C84201A5CA9870 /* Polyline.m */; };
		B03C05E04D684D1C8B4BD640 /* TBXML.m in Sources */ = {isa = PBXBuildFile; fileRef = CB5E4BBCE6BF4E7AB81388D2 /* TBXML.m */; };
		93D02EFB73CA490D9DCF1AEB /* TileOverlay.m in Sources */ = {isa = PBXBuildFile; fileRef = FEBCF4F37D024B03A39C6E9C /* TileOverlay.m */; };
		2390ED01C8804137823B798D /* NSData+Base64.m in Sources */ = {isa = PBXBuildFile; fileRef = 878E8B795B704361AD4FE1C7 /* NSData+Base64.m */; };
		7C96E05392DC4BD29F00A684 /* MyPluginLayer.m in Sources */ = {isa = PBXBuildFile; fileRef = 290B0302C8B04B35A0F3B13D /* MyPluginLayer.m */; };
		C75801A2CE644CE0BB427069 /* MyReachability.m in Sources */ = {isa = PBXBuildFile; fileRef = 462B8020515E4CBDBAE93BB1 /* MyReachability.m */; };
		0C44ECA1C566474B92943F66 /* MyPluginLayerDebugView.m in Sources */ = {isa = PBXBuildFile; fileRef = 0B920E1D29BA4C31833D1F96 /* MyPluginLayerDebugView.m */; };
		45FEBDE4CA3547D4BDCDA91F /* MyPluginScrollView.m in Sources */ = {isa = PBXBuildFile; fileRef = E16E00095B08403D93ED7CDF /* MyPluginScrollView.m */; };
/* End PBXBuildFile section */

/* Begin PBXContainerItemProxy section */
		301BF534109A57CC0062928A /* PBXContainerItemProxy */ = {
			isa = PBXContainerItemProxy;
			containerPortal = 301BF52D109A57CC0062928A /* CordovaLib.xcodeproj */;
			proxyType = 2;
			remoteGlobalIDString = D2AAC07E0554694100DB518D;
			remoteInfo = CordovaLib;
		};
		301BF550109A68C00062928A /* PBXContainerItemProxy */ = {
			isa = PBXContainerItemProxy;
			containerPortal = 301BF52D109A57CC0062928A /* CordovaLib.xcodeproj */;
			proxyType = 1;
			remoteGlobalIDString = D2AAC07D0554694100DB518D;
			remoteInfo = CordovaLib;
		};
/* End PBXContainerItemProxy section */

/* Begin PBXFileReference section */
		1D3623240D0F684500981E51 /* AppDelegate.h */ = {isa = PBXFileReference; fileEncoding = 4; lastKnownFileType = sourcecode.c.h; path = AppDelegate.h; sourceTree = "<group>"; };
		1D3623250D0F684500981E51 /* AppDelegate.m */ = {isa = PBXFileReference; fileEncoding = 4; lastKnownFileType = sourcecode.c.objc; path = AppDelegate.m; sourceTree = "<group>"; };
		1D6058910D05DD3D006BFB54 /* Whoa.app */ = {isa = PBXFileReference; explicitFileType = wrapper.application; includeInIndex = 0; path = "Whoa.app"; sourceTree = BUILT_PRODUCTS_DIR; };
		1F766FDD13BBADB100FB74C0 /* en */ = {isa = PBXFileReference; lastKnownFileType = text.plist.strings; name = en; path = Localizable.strings; sourceTree = "<group>"; };
		1F766FE013BBADB100FB74C0 /* es */ = {isa = PBXFileReference; lastKnownFileType = text.plist.strings; name = es; path = Localizable.strings; sourceTree = "<group>"; };
		288765FC0DF74451002DB57D /* CoreGraphics.framework */ = {isa = PBXFileReference; lastKnownFileType = wrapper.framework; name = CoreGraphics.framework; path = System/Library/Frameworks/CoreGraphics.framework; sourceTree = SDKROOT; };
		29B97316FDCFA39411CA2CEA /* main.m */ = {isa = PBXFileReference; fileEncoding = 4; lastKnownFileType = sourcecode.c.objc; path = main.m; sourceTree = "<group>"; };
		301BF52D109A57CC0062928A /* CordovaLib.xcodeproj */ = {isa = PBXFileReference; lastKnownFileType = "wrapper.pb-project"; name = CordovaLib.xcodeproj; path = CordovaLib/CordovaLib.xcodeproj; sourceTree = "<group>"; };
		301BF56E109A69640062928A /* www */ = {isa = PBXFileReference; lastKnownFileType = folder; path = www; sourceTree = SOURCE_ROOT; };
		302D95EE14D2391D003F00A1 /* MainViewController.h */ = {isa = PBXFileReference; fileEncoding = 4; lastKnownFileType = sourcecode.c.h; path = MainViewController.h; sourceTree = "<group>"; };
		302D95EF14D2391D003F00A1 /* MainViewController.m */ = {isa = PBXFileReference; fileEncoding = 4; lastKnownFileType = sourcecode.c.objc; path = MainViewController.m; sourceTree = "<group>"; };
		302D95F014D2391D003F00A1 /* MainViewController.xib */ = {isa = PBXFileReference; fileEncoding = 4; lastKnownFileType = file.xib; path = MainViewController.xib; sourceTree = "<group>"; };
		305D5FD0115AB8F900A74A75 /* MobileCoreServices.framework */ = {isa = PBXFileReference; lastKnownFileType = wrapper.framework; name = MobileCoreServices.framework; path = System/Library/Frameworks/MobileCoreServices.framework; sourceTree = SDKROOT; };
		3088BBB7154F3926009F9C59 /* Default-Landscape@2x~ipad.png */ = {isa = PBXFileReference; lastKnownFileType = image.png; path = "Default-Landscape@2x~ipad.png"; sourceTree = "<group>"; };
		3088BBB8154F3926009F9C59 /* Default-Landscape~ipad.png */ = {isa = PBXFileReference; lastKnownFileType = image.png; path = "Default-Landscape~ipad.png"; sourceTree = "<group>"; };
		3088BBB9154F3926009F9C59 /* Default-Portrait@2x~ipad.png */ = {isa = PBXFileReference; lastKnownFileType = image.png; path = "Default-Portrait@2x~ipad.png"; sourceTree = "<group>"; };
		3088BBBA154F3926009F9C59 /* Default-Portrait~ipad.png */ = {isa = PBXFileReference; lastKnownFileType = image.png; path = "Default-Portrait~ipad.png"; sourceTree = "<group>"; };
		3088BBBB154F3926009F9C59 /* Default@2x~iphone.png */ = {isa = PBXFileReference; lastKnownFileType = image.png; path = "Default@2x~iphone.png"; sourceTree = "<group>"; };
		3088BBBC154F3926009F9C59 /* Default~iphone.png */ = {isa = PBXFileReference; lastKnownFileType = image.png; path = "Default~iphone.png"; sourceTree = "<group>"; };
		308D052E1370CCF300D202BF /* icon-72.png */ = {isa = PBXFileReference; lastKnownFileType = image.png; path = "icon-72.png"; sourceTree = "<group>"; };
		308D052F1370CCF300D202BF /* icon.png */ = {isa = PBXFileReference; lastKnownFileType = image.png; path = icon.png; sourceTree = "<group>"; };
		308D05301370CCF300D202BF /* icon@2x.png */ = {isa = PBXFileReference; lastKnownFileType = image.png; path = "icon@2x.png"; sourceTree = "<group>"; };
		30B4F2FD19D5E07200D9F7D8 /* Default-667h.png */ = {isa = PBXFileReference; lastKnownFileType = image.png; path = "Default-667h.png"; sourceTree = "<group>"; };
		30B4F2FE19D5E07200D9F7D8 /* Default-736h.png */ = {isa = PBXFileReference; lastKnownFileType = image.png; path = "Default-736h.png"; sourceTree = "<group>"; };
		30B4F2FF19D5E07200D9F7D8 /* Default-Landscape-736h.png */ = {isa = PBXFileReference; lastKnownFileType = image.png; path = "Default-Landscape-736h.png"; sourceTree = "<group>"; };
		30C1856519D5FC0A00212699 /* icon-60@3x.png */ = {isa = PBXFileReference; lastKnownFileType = image.png; path = "icon-60@3x.png"; sourceTree = "<group>"; };
		30FC414816E50CA1004E6F35 /* icon-72@2x.png */ = {isa = PBXFileReference; lastKnownFileType = image.png; path = "icon-72@2x.png"; sourceTree = "<group>"; };
		32CA4F630368D1EE00C91783 /* Whoa-Prefix.pch */ = {isa = PBXFileReference; fileEncoding = 4; lastKnownFileType = sourcecode.c.h; path = "Whoa-Prefix.pch"; sourceTree = "<group>"; };
		5B1594DC16A7569C00FEF299 /* AssetsLibrary.framework */ = {isa = PBXFileReference; lastKnownFileType = wrapper.framework; name = AssetsLibrary.framework; path = System/Library/Frameworks/AssetsLibrary.framework; sourceTree = SDKROOT; };
		7E7966D41810823500FA85AD /* icon-40.png */ = {isa = PBXFileReference; lastKnownFileType = image.png; path = "icon-40.png"; sourceTree = "<group>"; };
		7E7966D51810823500FA85AD /* icon-40@2x.png */ = {isa = PBXFileReference; lastKnownFileType = image.png; path = "icon-40@2x.png"; sourceTree = "<group>"; };
		7E7966D61810823500FA85AD /* icon-50.png */ = {isa = PBXFileReference; lastKnownFileType = image.png; path = "icon-50.png"; sourceTree = "<group>"; };
		7E7966D71810823500FA85AD /* icon-50@2x.png */ = {isa = PBXFileReference; lastKnownFileType = image.png; path = "icon-50@2x.png"; sourceTree = "<group>"; };
		7E7966D81810823500FA85AD /* icon-60.png */ = {isa = PBXFileReference; lastKnownFileType = image.png; path = "icon-60.png"; sourceTree = "<group>"; };
		7E7966D91810823500FA85AD /* icon-60@2x.png */ = {isa = PBXFileReference; lastKnownFileType = image.png; path = "icon-60@2x.png"; sourceTree = "<group>"; };
		7E7966DA1810823500FA85AD /* icon-76.png */ = {isa = PBXFileReference; lastKnownFileType = image.png; path = "icon-76.png"; sourceTree = "<group>"; };
		7E7966DB1810823500FA85AD /* icon-76@2x.png */ = {isa = PBXFileReference; lastKnownFileType = image.png; path = "icon-76@2x.png"; sourceTree = "<group>"; };
		7E7966DC1810823500FA85AD /* icon-small.png */ = {isa = PBXFileReference; lastKnownFileType = image.png; path = "icon-small.png"; sourceTree = "<group>"; };
		7E7966DD1810823500FA85AD /* icon-small@2x.png */ = {isa = PBXFileReference; lastKnownFileType = image.png; path = "icon-small@2x.png"; sourceTree = "<group>"; };
		8D1107310486CEB800E47090 /* Whoa-Info.plist */ = {isa = PBXFileReference; fileEncoding = 4; lastKnownFileType = text.plist.xml; name = "Whoa-Info.plist"; path = "../Whoa-Info.plist"; plistStructureDefinitionIdentifier = "com.apple.xcode.plist.structure-definition.iphone.info-plist"; sourceTree = "<group>"; };
		D4A0D8751607E02300AEF8BB /* Default-568h@2x~iphone.png */ = {isa = PBXFileReference; lastKnownFileType = image.png; path = "Default-568h@2x~iphone.png"; sourceTree = "<group>"; };
		EB87FDF21871DA7A0020F90C /* merges */ = {isa = PBXFileReference; lastKnownFileType = folder; name = merges; path = ../../merges; sourceTree = "<group>"; };
		EB87FDF31871DA8E0020F90C /* www */ = {isa = PBXFileReference; lastKnownFileType = folder; name = www; path = ../../www; sourceTree = "<group>"; };
		EB87FDF41871DAF40020F90C /* config.xml */ = {isa = PBXFileReference; lastKnownFileType = text.xml; name = config.xml; path = ../../config.xml; sourceTree = "<group>"; };
		F840E1F0165FE0F500CFE078 /* config.xml */ = {isa = PBXFileReference; lastKnownFileType = text.xml; name = config.xml; path = "Whoa/config.xml"; sourceTree = "<group>"; };
		DF866F94F7C64A50A3DEE99C /* HttpRequest.m */ = {isa = PBXFileReference; lastKnownFileType = sourcecode.c.objc; name = "HttpRequest.m"; path = "plugin.http.request/HttpRequest/HttpRequest.m"; sourceTree = "<group>"; fileEncoding = 4; };
		8ABE6B39391D456D98774FEC /* R9HTTPRequest.m */ = {isa = PBXFileReference; lastKnownFileType = sourcecode.c.objc; name = "R9HTTPRequest.m"; path = "plugin.http.request/HttpRequest/R9HTTPRequest/R9HTTPRequest.m"; sourceTree = "<group>"; fileEncoding = 4; };
		465C9561E6CA49D0B0AFE0A7 /* README */ = {isa = PBXFileReference; lastKnownFileType = unknown; name = "README"; path = "plugin.http.request/README"; sourceTree = "<group>"; fileEncoding = 4; };
		7E081D468D9C40AE89A29609 /* BSD-LICENSE */ = {isa = PBXFileReference; lastKnownFileType = unknown; name = "BSD-LICENSE"; path = "plugin.http.request/HttpRequest/R9HTTPRequest/BSD-LICENSE"; sourceTree = "<group>"; fileEncoding = 4; };
		166DD736929744D19A43D682 /* HttpRequest.h */ = {isa = PBXFileReference; lastKnownFileType = sourcecode.c.h; name = "HttpRequest.h"; path = "plugin.http.request/HttpRequest/HttpRequest.h"; sourceTree = "<group>"; fileEncoding = 4; };
		166B25292F7647149A3E9C1D /* R9HTTPRequest.h */ = {isa = PBXFileReference; lastKnownFileType = sourcecode.c.h; name = "R9HTTPRequest.h"; path = "plugin.http.request/HttpRequest/R9HTTPRequest/R9HTTPRequest.h"; sourceTree = "<group>"; fileEncoding = 4; };
		90184A21144F481DA88D9590 /* GoogleMaps.bundle */ = {isa = PBXFileReference; lastKnownFileType = "wrapper.plug-in"; name = "GoogleMaps.bundle"; path = "GoogleMaps.bundle"; sourceTree = "<group>"; };
		0ABD27BA7BF34AD3AA5CA2B4 /* GoogleMaps.framework */ = {isa = PBXFileReference; lastKnownFileType = wrapper.framework; name = "GoogleMaps.framework"; path = "Whoa/Plugins/com.googlemaps.ios/GoogleMaps.framework"; sourceTree = "<group>"; };
		88058A8B32264B29A381E9A2 /* AVFoundation.framework */ = {isa = PBXFileReference; lastKnownFileType = wrapper.framework; name = "AVFoundation.framework"; path = "System/Library/Frameworks/AVFoundation.framework"; sourceTree = SDKROOT; fileEncoding = 4; };
		72667A91F63D412B83FC8480 /* CoreData.framework */ = {isa = PBXFileReference; lastKnownFileType = wrapper.framework; name = "CoreData.framework"; path = "System/Library/Frameworks/CoreData.framework"; sourceTree = SDKROOT; fileEncoding = 4; };
		D5B9CD0AAA4F42A68E60A82D /* CoreLocation.framework */ = {isa = PBXFileReference; lastKnownFileType = wrapper.framework; name = "CoreLocation.framework"; path = "System/Library/Frameworks/CoreLocation.framework"; sourceTree = SDKROOT; fileEncoding = 4; };
		27D3491EDC214C4B97B55CC2 /* CoreText.framework */ = {isa = PBXFileReference; lastKnownFileType = wrapper.framework; name = "CoreText.framework"; path = "System/Library/Frameworks/CoreText.framework"; sourceTree = SDKROOT; fileEncoding = 4; };
		E24A379195534FA3BB25FC52 /* GLKit.framework */ = {isa = PBXFileReference; lastKnownFileType = wrapper.framework; name = "GLKit.framework"; path = "System/Library/Frameworks/GLKit.framework"; sourceTree = SDKROOT; fileEncoding = 4; };
		C092BAC6370D49B9A69DFE88 /* ImageIO.framework */ = {isa = PBXFileReference; lastKnownFileType = wrapper.framework; name = "ImageIO.framework"; path = "System/Library/Frameworks/ImageIO.framework"; sourceTree = SDKROOT; fileEncoding = 4; };
		83076A7CAAC4418D94DEACCB /* libc++.dylib */ = {isa = PBXFileReference; lastKnownFileType = "compiled.mach-o.dylib"; name = "libc++.dylib"; path = "usr/lib/libc++.dylib"; sourceTree = SDKROOT; fileEncoding = 4; };
		5C68D30185BA4F829893B37A /* libicucore.dylib */ = {isa = PBXFileReference; lastKnownFileType = "compiled.mach-o.dylib"; name = "libicucore.dylib"; path = "usr/lib/libicucore.dylib"; sourceTree = SDKROOT; fileEncoding = 4; };
		416712EC11AB41E2A05F59DB /* libz.dylib */ = {isa = PBXFileReference; lastKnownFileType = "compiled.mach-o.dylib"; name = "libz.dylib"; path = "usr/lib/libz.dylib"; sourceTree = SDKROOT; fileEncoding = 4; };
		B34E0103FA824724A0E332E8 /* OpenGLES.framework */ = {isa = PBXFileReference; lastKnownFileType = wrapper.framework; name = "OpenGLES.framework"; path = "System/Library/Frameworks/OpenGLES.framework"; sourceTree = SDKROOT; fileEncoding = 4; };
		D0ED10B20C33473392B4D569 /* QuartzCore.framework */ = {isa = PBXFileReference; lastKnownFileType = wrapper.framework; name = "QuartzCore.framework"; path = "System/Library/Frameworks/QuartzCore.framework"; sourceTree = SDKROOT; fileEncoding = 4; };
		E1B5899F38544FA9B20F5AD1 /* SystemConfiguration.framework */ = {isa = PBXFileReference; lastKnownFileType = wrapper.framework; name = "SystemConfiguration.framework"; path = "System/Library/Frameworks/SystemConfiguration.framework"; sourceTree = SDKROOT; fileEncoding = 4; };
		F40E9748D6E84EDAAAC1EE70 /* Circle.m */ = {isa = PBXFileReference; lastKnownFileType = sourcecode.c.objc; name = "Circle.m"; path = "plugin.google.maps/Circle.m"; sourceTree = "<group>"; fileEncoding = 4; };
		64D81C589ED84EAA9697824F /* External.m */ = {isa = PBXFileReference; lastKnownFileType = sourcecode.c.objc; name = "External.m"; path = "plugin.google.maps/External.m"; sourceTree = "<group>"; fileEncoding = 4; };
		EE699A8E79014FE7886FE41E /* Geocoder.m */ = {isa = PBXFileReference; lastKnownFileType = sourcecode.c.objc; name = "Geocoder.m"; path = "plugin.google.maps/Geocoder.m"; sourceTree = "<group>"; fileEncoding = 4; };
		36431EC92B6249A692A91E68 /* GoogleMaps.m */ = {isa = PBXFileReference; lastKnownFileType = sourcecode.c.objc; name = "GoogleMaps.m"; path = "plugin.google.maps/GoogleMaps.m"; sourceTree = "<group>"; fileEncoding = 4; };
		7796F065CDF14D6595FE036E /* GoogleMapsViewController.m */ = {isa = PBXFileReference; lastKnownFileType = sourcecode.c.objc; name = "GoogleMapsViewController.m"; path = "plugin.google.maps/GoogleMapsViewController.m"; sourceTree = "<group>"; fileEncoding = 4; };
		A49950C91575462491BEB07B /* GroundOverlay.m */ = {isa = PBXFileReference; lastKnownFileType = sourcecode.c.objc; name = "GroundOverlay.m"; path = "plugin.google.maps/GroundOverlay.m"; sourceTree = "<group>"; fileEncoding = 4; };
		906CE19ACABD47C59920040C /* KmlOverlay.m */ = {isa = PBXFileReference; lastKnownFileType = sourcecode.c.objc; name = "KmlOverlay.m"; path = "plugin.google.maps/KmlOverlay.m"; sourceTree = "<group>"; fileEncoding = 4; };
		2DD61AD991024875BCFABFED /* Map.m */ = {isa = PBXFileReference; lastKnownFileType = sourcecode.c.objc; name = "Map.m"; path = "plugin.google.maps/Map.m"; sourceTree = "<group>"; fileEncoding = 4; };
		0BD6653D998F40E7BFF29F72 /* Marker.m */ = {isa = PBXFileReference; lastKnownFileType = sourcecode.c.objc; name = "Marker.m"; path = "plugin.google.maps/Marker.m"; sourceTree = "<group>"; fileEncoding = 4; };
		FB0B6B875ED24223B912C925 /* PluginUtil.m */ = {isa = PBXFileReference; lastKnownFileType = sourcecode.c.objc; name = "PluginUtil.m"; path = "plugin.google.maps/PluginUtil.m"; sourceTree = "<group>"; fileEncoding = 4; };
		4CB16DA23572456293A3D4DE /* Polygon.m */ = {isa = PBXFileReference; lastKnownFileType = sourcecode.c.objc; name = "Polygon.m"; path = "plugin.google.maps/Polygon.m"; sourceTree = "<group>"; fileEncoding = 4; };
		8419495E94C84201A5CA9870 /* Polyline.m */ = {isa = PBXFileReference; lastKnownFileType = sourcecode.c.objc; name = "Polyline.m"; path = "plugin.google.maps/Polyline.m"; sourceTree = "<group>"; fileEncoding = 4; };
		CB5E4BBCE6BF4E7AB81388D2 /* TBXML.m */ = {isa = PBXFileReference; lastKnownFileType = sourcecode.c.objc; name = "TBXML.m"; path = "plugin.google.maps/TBXML.m"; sourceTree = "<group>"; fileEncoding = 4; };
		FEBCF4F37D024B03A39C6E9C /* TileOverlay.m */ = {isa = PBXFileReference; lastKnownFileType = sourcecode.c.objc; name = "TileOverlay.m"; path = "plugin.google.maps/TileOverlay.m"; sourceTree = "<group>"; fileEncoding = 4; };
		878E8B795B704361AD4FE1C7 /* NSData+Base64.m */ = {isa = PBXFileReference; lastKnownFileType = sourcecode.c.objc; name = "NSData+Base64.m"; path = "plugin.google.maps/NSData+Base64.m"; sourceTree = "<group>"; fileEncoding = 4; };
		290B0302C8B04B35A0F3B13D /* MyPluginLayer.m */ = {isa = PBXFileReference; lastKnownFileType = sourcecode.c.objc; name = "MyPluginLayer.m"; path = "plugin.google.maps/MyPluginLayer.m"; sourceTree = "<group>"; fileEncoding = 4; };
		462B8020515E4CBDBAE93BB1 /* MyReachability.m */ = {isa = PBXFileReference; lastKnownFileType = sourcecode.c.objc; name = "MyReachability.m"; path = "plugin.google.maps/MyReachability.m"; sourceTree = "<group>"; fileEncoding = 4; };
		0B920E1D29BA4C31833D1F96 /* MyPluginLayerDebugView.m */ = {isa = PBXFileReference; lastKnownFileType = sourcecode.c.objc; name = "MyPluginLayerDebugView.m"; path = "plugin.google.maps/MyPluginLayerDebugView.m"; sourceTree = "<group>"; fileEncoding = 4; };
		E16E00095B08403D93ED7CDF /* MyPluginScrollView.m */ = {isa = PBXFileReference; lastKnownFileType = sourcecode.c.objc; name = "MyPluginScrollView.m"; path = "plugin.google.maps/MyPluginScrollView.m"; sourceTree = "<group>"; fileEncoding = 4; };
		4F99C5EF8FD4450493A95532 /* Circle.h */ = {isa = PBXFileReference; lastKnownFileType = sourcecode.c.h; name = "Circle.h"; path = "plugin.google.maps/Circle.h"; sourceTree = "<group>"; fileEncoding = 4; };
		E7E3DAFFCC59417DB018656F /* External.h */ = {isa = PBXFileReference; lastKnownFileType = sourcecode.c.h; name = "External.h"; path = "plugin.google.maps/External.h"; sourceTree = "<group>"; fileEncoding = 4; };
		A8D3C8BA588443678B663E6E /* Geocoder.h */ = {isa = PBXFileReference; lastKnownFileType = sourcecode.c.h; name = "Geocoder.h"; path = "plugin.google.maps/Geocoder.h"; sourceTree = "<group>"; fileEncoding = 4; };
		E228CAC7C7174160A29B90D1 /* GoogleMaps.h */ = {isa = PBXFileReference; lastKnownFileType = sourcecode.c.h; name = "GoogleMaps.h"; path = "plugin.google.maps/GoogleMaps.h"; sourceTree = "<group>"; fileEncoding = 4; };
		78663482A36147ED8B83EAA1 /* GoogleMapsViewController.h */ = {isa = PBXFileReference; lastKnownFileType = sourcecode.c.h; name = "GoogleMapsViewController.h"; path = "plugin.google.maps/GoogleMapsViewController.h"; sourceTree = "<group>"; fileEncoding = 4; };
		955C1627811D417985192A54 /* GroundOverlay.h */ = {isa = PBXFileReference; lastKnownFileType = sourcecode.c.h; name = "GroundOverlay.h"; path = "plugin.google.maps/GroundOverlay.h"; sourceTree = "<group>"; fileEncoding = 4; };
		66751A8E331246E19A56FC88 /* KmlOverlay.h */ = {isa = PBXFileReference; lastKnownFileType = sourcecode.c.h; name = "KmlOverlay.h"; path = "plugin.google.maps/KmlOverlay.h"; sourceTree = "<group>"; fileEncoding = 4; };
		2BD6345D0C89436690CEAA34 /* Map.h */ = {isa = PBXFileReference; lastKnownFileType = sourcecode.c.h; name = "Map.h"; path = "plugin.google.maps/Map.h"; sourceTree = "<group>"; fileEncoding = 4; };
		ACBC0A26754B41ED8A891463 /* Marker.h */ = {isa = PBXFileReference; lastKnownFileType = sourcecode.c.h; name = "Marker.h"; path = "plugin.google.maps/Marker.h"; sourceTree = "<group>"; fileEncoding = 4; };
		2AC6ACD366E64304B724CAEC /* MyPlgunProtocol.h */ = {isa = PBXFileReference; lastKnownFileType = sourcecode.c.h; name = "MyPlgunProtocol.h"; path = "plugin.google.maps/MyPlgunProtocol.h"; sourceTree = "<group>"; fileEncoding = 4; };
		F9C039998EE14F2B842F6C23 /* PluginUtil.h */ = {isa = PBXFileReference; lastKnownFileType = sourcecode.c.h; name = "PluginUtil.h"; path = "plugin.google.maps/PluginUtil.h"; sourceTree = "<group>"; fileEncoding = 4; };
		A9FA765C3D0442ABA395E38C /* Polygon.h */ = {isa = PBXFileReference; lastKnownFileType = sourcecode.c.h; name = "Polygon.h"; path = "plugin.google.maps/Polygon.h"; sourceTree = "<group>"; fileEncoding = 4; };
		4772374E3950497CB12460C5 /* Polyline.h */ = {isa = PBXFileReference; lastKnownFileType = sourcecode.c.h; name = "Polyline.h"; path = "plugin.google.maps/Polyline.h"; sourceTree = "<group>"; fileEncoding = 4; };
		465A1A66D6BC427A8B0F2754 /* TBXML.h */ = {isa = PBXFileReference; lastKnownFileType = sourcecode.c.h; name = "TBXML.h"; path = "plugin.google.maps/TBXML.h"; sourceTree = "<group>"; fileEncoding = 4; };
		EA779AA71C4043B1AB635635 /* TileOverlay.h */ = {isa = PBXFileReference; lastKnownFileType = sourcecode.c.h; name = "TileOverlay.h"; path = "plugin.google.maps/TileOverlay.h"; sourceTree = "<group>"; fileEncoding = 4; };
		734E68FE5AD143A1BCC6F807 /* NSData+Base64.h */ = {isa = PBXFileReference; lastKnownFileType = sourcecode.c.h; name = "NSData+Base64.h"; path = "plugin.google.maps/NSData+Base64.h"; sourceTree = "<group>"; fileEncoding = 4; };
		F7D8EB0BCDA14F0A8DDA5FE4 /* NSData+Base64.podspec */ = {isa = PBXFileReference; lastKnownFileType = unknown; name = "NSData+Base64.podspec"; path = "plugin.google.maps/NSData+Base64.podspec"; sourceTree = "<group>"; fileEncoding = 4; };
		732BB00AA72340B594A7F46E /* MyPluginLayer.h */ = {isa = PBXFileReference; lastKnownFileType = sourcecode.c.h; name = "MyPluginLayer.h"; path = "plugin.google.maps/MyPluginLayer.h"; sourceTree = "<group>"; fileEncoding = 4; };
		0E4A64115F3F48C294DE4371 /* MyReachability.h */ = {isa = PBXFileReference; lastKnownFileType = sourcecode.c.h; name = "MyReachability.h"; path = "plugin.google.maps/MyReachability.h"; sourceTree = "<group>"; fileEncoding = 4; };
		426AA31DCC86484D930004E3 /* MyPluginLayerDebugView.h */ = {isa = PBXFileReference; lastKnownFileType = sourcecode.c.h; name = "MyPluginLayerDebugView.h"; path = "plugin.google.maps/MyPluginLayerDebugView.h"; sourceTree = "<group>"; fileEncoding = 4; };
		F485782453A047899A13236A /* MyPluginScrollView.h */ = {isa = PBXFileReference; lastKnownFileType = sourcecode.c.h; name = "MyPluginScrollView.h"; path = "plugin.google.maps/MyPluginScrollView.h"; sourceTree = "<group>"; fileEncoding = 4; };
/* End PBXFileReference section */

/* Begin PBXFrameworksBuildPhase section */
		1D60588F0D05DD3D006BFB54 /* Frameworks */ = {
			isa = PBXFrameworksBuildPhase;
			buildActionMask = 2147483647;
			files = (
				5B1594DD16A7569C00FEF299 /* AssetsLibrary.framework in Frameworks */,
				301BF552109A68D80062928A /* libCordova.a in Frameworks */,
				288765FD0DF74451002DB57D /* CoreGraphics.framework in Frameworks */,
				305D5FD1115AB8F900A74A75 /* MobileCoreServices.framework in Frameworks */,
				E59E3C6E00D84F67BECAF8AF /* GoogleMaps.framework in Frameworks */,
				B158C960386A45E18AF0BFF6 /* AVFoundation.framework in Frameworks */,
				48C74EA93DE048DB9B855413 /* CoreData.framework in Frameworks */,
				265565839BF148B19B440119 /* CoreLocation.framework in Frameworks */,
				0F439CCC63224B86AFC64327 /* CoreText.framework in Frameworks */,
				0BF15F42F73B4526B06AC8A0 /* GLKit.framework in Frameworks */,
				975BDEC108E7477AB823D26A /* ImageIO.framework in Frameworks */,
				AB6552644028457A8144C132 /* libc++.dylib in Frameworks */,
				8EF7F4F61E5D4E11A5EC0483 /* libicucore.dylib in Frameworks */,
				68CDB8E589064F61A71CD373 /* libz.dylib in Frameworks */,
				752C55461C154E1EBD73459C /* OpenGLES.framework in Frameworks */,
				E59553038E804FD1BFC61FF5 /* QuartzCore.framework in Frameworks */,
				23AB422B4C9C415A8BA893AB /* SystemConfiguration.framework in Frameworks */,
			);
			runOnlyForDeploymentPostprocessing = 0;
		};
/* End PBXFrameworksBuildPhase section */

/* Begin PBXGroup section */
		080E96DDFE201D6D7F000001 /* Classes */ = {
			isa = PBXGroup;
			children = (
				302D95EE14D2391D003F00A1 /* MainViewController.h */,
				302D95EF14D2391D003F00A1 /* MainViewController.m */,
				302D95F014D2391D003F00A1 /* MainViewController.xib */,
				1D3623240D0F684500981E51 /* AppDelegate.h */,
				1D3623250D0F684500981E51 /* AppDelegate.m */,
			);
			name = Classes;
			path = "Whoa/Classes";
			sourceTree = SOURCE_ROOT;
		};
		19C28FACFE9D520D11CA2CBB /* Products */ = {
			isa = PBXGroup;
			children = (
				1D6058910D05DD3D006BFB54 /* Whoa.app */,
			);
			name = Products;
			sourceTree = "<group>";
		};
		29B97314FDCFA39411CA2CEA /* CustomTemplate */ = {
			isa = PBXGroup;
			children = (
				EB87FDF41871DAF40020F90C /* config.xml */,
				EB87FDF31871DA8E0020F90C /* www */,
				EB87FDF21871DA7A0020F90C /* merges */,
				EB87FDF11871DA420020F90C /* Staging */,
				301BF52D109A57CC0062928A /* CordovaLib.xcodeproj */,
				080E96DDFE201D6D7F000001 /* Classes */,
				307C750510C5A3420062BCA9 /* Plugins */,
				29B97315FDCFA39411CA2CEA /* Other Sources */,
				29B97317FDCFA39411CA2CEA /* Resources */,
				29B97323FDCFA39411CA2CEA /* Frameworks */,
				19C28FACFE9D520D11CA2CBB /* Products */,
			);
			name = CustomTemplate;
			sourceTree = "<group>";
		};
		29B97315FDCFA39411CA2CEA /* Other Sources */ = {
			isa = PBXGroup;
			children = (
				32CA4F630368D1EE00C91783 /* Whoa-Prefix.pch */,
				29B97316FDCFA39411CA2CEA /* main.m */,
			);
			name = "Other Sources";
			path = "Whoa";
			sourceTree = "<group>";
		};
		29B97317FDCFA39411CA2CEA /* Resources */ = {
			isa = PBXGroup;
			children = (
				308D052D1370CCF300D202BF /* icons */,
				308D05311370CCF300D202BF /* splash */,
				8D1107310486CEB800E47090 /* Whoa-Info.plist */,
				90184A21144F481DA88D9590 /* GoogleMaps.bundle */,
			);
			name = Resources;
			path = "Whoa/Resources";
			sourceTree = "<group>";
		};
		29B97323FDCFA39411CA2CEA /* Frameworks */ = {
			isa = PBXGroup;
			children = (
				5B1594DC16A7569C00FEF299 /* AssetsLibrary.framework */,
				288765FC0DF74451002DB57D /* CoreGraphics.framework */,
				305D5FD0115AB8F900A74A75 /* MobileCoreServices.framework */,
				0ABD27BA7BF34AD3AA5CA2B4 /* GoogleMaps.framework */,
				88058A8B32264B29A381E9A2 /* AVFoundation.framework */,
				72667A91F63D412B83FC8480 /* CoreData.framework */,
				D5B9CD0AAA4F42A68E60A82D /* CoreLocation.framework */,
				27D3491EDC214C4B97B55CC2 /* CoreText.framework */,
				E24A379195534FA3BB25FC52 /* GLKit.framework */,
				C092BAC6370D49B9A69DFE88 /* ImageIO.framework */,
				83076A7CAAC4418D94DEACCB /* libc++.dylib */,
				5C68D30185BA4F829893B37A /* libicucore.dylib */,
				416712EC11AB41E2A05F59DB /* libz.dylib */,
				B34E0103FA824724A0E332E8 /* OpenGLES.framework */,
				D0ED10B20C33473392B4D569 /* QuartzCore.framework */,
				E1B5899F38544FA9B20F5AD1 /* SystemConfiguration.framework */,
			);
			name = Frameworks;
			sourceTree = "<group>";
		};
		301BF52E109A57CC0062928A /* Products */ = {
			isa = PBXGroup;
			children = (
				301BF535109A57CC0062928A /* libCordova.a */,
			);
			name = Products;
			sourceTree = "<group>";
		};
		307C750510C5A3420062BCA9 /* Plugins */ = {
			isa = PBXGroup;
			children = (
				DF866F94F7C64A50A3DEE99C /* HttpRequest.m */,
				8ABE6B39391D456D98774FEC /* R9HTTPRequest.m */,
				465C9561E6CA49D0B0AFE0A7 /* README */,
				7E081D468D9C40AE89A29609 /* BSD-LICENSE */,
				166DD736929744D19A43D682 /* HttpRequest.h */,
				166B25292F7647149A3E9C1D /* R9HTTPRequest.h */,
				F40E9748D6E84EDAAAC1EE70 /* Circle.m */,
				64D81C589ED84EAA9697824F /* External.m */,
				EE699A8E79014FE7886FE41E /* Geocoder.m */,
				36431EC92B6249A692A91E68 /* GoogleMaps.m */,
				7796F065CDF14D6595FE036E /* GoogleMapsViewController.m */,
				A49950C91575462491BEB07B /* GroundOverlay.m */,
				906CE19ACABD47C59920040C /* KmlOverlay.m */,
				2DD61AD991024875BCFABFED /* Map.m */,
				0BD6653D998F40E7BFF29F72 /* Marker.m */,
				FB0B6B875ED24223B912C925 /* PluginUtil.m */,
				4CB16DA23572456293A3D4DE /* Polygon.m */,
				8419495E94C84201A5CA9870 /* Polyline.m */,
				CB5E4BBCE6BF4E7AB81388D2 /* TBXML.m */,
				FEBCF4F37D024B03A39C6E9C /* TileOverlay.m */,
				878E8B795B704361AD4FE1C7 /* NSData+Base64.m */,
				290B0302C8B04B35A0F3B13D /* MyPluginLayer.m */,
				462B8020515E4CBDBAE93BB1 /* MyReachability.m */,
				0B920E1D29BA4C31833D1F96 /* MyPluginLayerDebugView.m */,
				E16E00095B08403D93ED7CDF /* MyPluginScrollView.m */,
				4F99C5EF8FD4450493A95532 /* Circle.h */,
				E7E3DAFFCC59417DB018656F /* External.h */,
				A8D3C8BA588443678B663E6E /* Geocoder.h */,
				E228CAC7C7174160A29B90D1 /* GoogleMaps.h */,
				78663482A36147ED8B83EAA1 /* GoogleMapsViewController.h */,
				955C1627811D417985192A54 /* GroundOverlay.h */,
				66751A8E331246E19A56FC88 /* KmlOverlay.h */,
				2BD6345D0C89436690CEAA34 /* Map.h */,
				ACBC0A26754B41ED8A891463 /* Marker.h */,
				2AC6ACD366E64304B724CAEC /* MyPlgunProtocol.h */,
				F9C039998EE14F2B842F6C23 /* PluginUtil.h */,
				A9FA765C3D0442ABA395E38C /* Polygon.h */,
				4772374E3950497CB12460C5 /* Polyline.h */,
				465A1A66D6BC427A8B0F2754 /* TBXML.h */,
				EA779AA71C4043B1AB635635 /* TileOverlay.h */,
				734E68FE5AD143A1BCC6F807 /* NSData+Base64.h */,
				F7D8EB0BCDA14F0A8DDA5FE4 /* NSData+Base64.podspec */,
				732BB00AA72340B594A7F46E /* MyPluginLayer.h */,
				0E4A64115F3F48C294DE4371 /* MyReachability.h */,
				426AA31DCC86484D930004E3 /* MyPluginLayerDebugView.h */,
				F485782453A047899A13236A /* MyPluginScrollView.h */,
			);
			name = Plugins;
			path = "Whoa/Plugins";
			sourceTree = SOURCE_ROOT;
		};
		308D052D1370CCF300D202BF /* icons */ = {
			isa = PBXGroup;
			children = (
				30C1856519D5FC0A00212699 /* icon-60@3x.png */,
				7E7966D41810823500FA85AD /* icon-40.png */,
				7E7966D51810823500FA85AD /* icon-40@2x.png */,
				7E7966D61810823500FA85AD /* icon-50.png */,
				7E7966D71810823500FA85AD /* icon-50@2x.png */,
				7E7966D81810823500FA85AD /* icon-60.png */,
				7E7966D91810823500FA85AD /* icon-60@2x.png */,
				7E7966DA1810823500FA85AD /* icon-76.png */,
				7E7966DB1810823500FA85AD /* icon-76@2x.png */,
				7E7966DC1810823500FA85AD /* icon-small.png */,
				7E7966DD1810823500FA85AD /* icon-small@2x.png */,
				30FC414816E50CA1004E6F35 /* icon-72@2x.png */,
				308D052E1370CCF300D202BF /* icon-72.png */,
				308D052F1370CCF300D202BF /* icon.png */,
				308D05301370CCF300D202BF /* icon@2x.png */,
			);
			path = icons;
			sourceTree = "<group>";
		};
		308D05311370CCF300D202BF /* splash */ = {
			isa = PBXGroup;
			children = (
				30B4F2FD19D5E07200D9F7D8 /* Default-667h.png */,
				30B4F2FE19D5E07200D9F7D8 /* Default-736h.png */,
				30B4F2FF19D5E07200D9F7D8 /* Default-Landscape-736h.png */,
				D4A0D8751607E02300AEF8BB /* Default-568h@2x~iphone.png */,
				3088BBB7154F3926009F9C59 /* Default-Landscape@2x~ipad.png */,
				3088BBB8154F3926009F9C59 /* Default-Landscape~ipad.png */,
				3088BBB9154F3926009F9C59 /* Default-Portrait@2x~ipad.png */,
				3088BBBA154F3926009F9C59 /* Default-Portrait~ipad.png */,
				3088BBBB154F3926009F9C59 /* Default@2x~iphone.png */,
				3088BBBC154F3926009F9C59 /* Default~iphone.png */,
			);
			path = splash;
			sourceTree = "<group>";
		};
		EB87FDF11871DA420020F90C /* Staging */ = {
			isa = PBXGroup;
			children = (
				F840E1F0165FE0F500CFE078 /* config.xml */,
				301BF56E109A69640062928A /* www */,
			);
			name = Staging;
			sourceTree = "<group>";
		};
/* End PBXGroup section */

/* Begin PBXNativeTarget section */
		1D6058900D05DD3D006BFB54 /* Whoa */ = {
			isa = PBXNativeTarget;
			buildConfigurationList = 1D6058960D05DD3E006BFB54 /* Build configuration list for PBXNativeTarget "Whoa" */;
			buildPhases = (
				304B58A110DAC018002A0835 /* Copy www directory */,
				1D60588D0D05DD3D006BFB54 /* Resources */,
				1D60588E0D05DD3D006BFB54 /* Sources */,
				1D60588F0D05DD3D006BFB54 /* Frameworks */,
			);
			buildRules = (
			);
			dependencies = (
				301BF551109A68C00062928A /* PBXTargetDependency */,
			);
			name = "Whoa";
			productName = "Whoa";
			productReference = 1D6058910D05DD3D006BFB54 /* Whoa.app */;
			productType = "com.apple.product-type.application";
		};
/* End PBXNativeTarget section */

/* Begin PBXProject section */
		29B97313FDCFA39411CA2CEA /* Project object */ = {
			isa = PBXProject;
			attributes = {
				LastUpgradeCheck = 510;
			};
			buildConfigurationList = C01FCF4E08A954540054247B /* Build configuration list for PBXProject "__CLI__" */;
			compatibilityVersion = "Xcode 3.2";
			developmentRegion = English;
			hasScannedForEncodings = 1;
			knownRegions = (
				English,
				Japanese,
				French,
				German,
				en,
				es,
				de,
				se,
			);
			mainGroup = 29B97314FDCFA39411CA2CEA /* CustomTemplate */;
			projectDirPath = "";
			projectReferences = (
				{
					ProductGroup = 301BF52E109A57CC0062928A /* Products */;
					ProjectRef = 301BF52D109A57CC0062928A /* CordovaLib.xcodeproj */;
				},
			);
			projectRoot = "";
			targets = (
				1D6058900D05DD3D006BFB54 /* Whoa */,
			);
		};
/* End PBXProject section */

/* Begin PBXReferenceProxy section */
		301BF535109A57CC0062928A /* libCordova.a */ = {
			isa = PBXReferenceProxy;
			fileType = archive.ar;
			path = libCordova.a;
			remoteRef = 301BF534109A57CC0062928A /* PBXContainerItemProxy */;
			sourceTree = BUILT_PRODUCTS_DIR;
		};
/* End PBXReferenceProxy section */

/* Begin PBXResourcesBuildPhase section */
		1D60588D0D05DD3D006BFB54 /* Resources */ = {
			isa = PBXResourcesBuildPhase;
			buildActionMask = 2147483647;
			files = (
				7E7966E41810823500FA85AD /* icon-76.png in Resources */,
				7E7966DF1810823500FA85AD /* icon-40@2x.png in Resources */,
				308D05371370CCF300D202BF /* icon-72.png in Resources */,
				30B4F30119D5E07200D9F7D8 /* Default-736h.png in Resources */,
				308D05381370CCF300D202BF /* icon.png in Resources */,
				308D05391370CCF300D202BF /* icon@2x.png in Resources */,
				302D95F214D2391D003F00A1 /* MainViewController.xib in Resources */,
				7E7966E01810823500FA85AD /* icon-50.png in Resources */,
				7E7966E31810823500FA85AD /* icon-60@2x.png in Resources */,
				7E7966E61810823500FA85AD /* icon-small.png in Resources */,
				3088BBBD154F3926009F9C59 /* Default-Landscape@2x~ipad.png in Resources */,
				3088BBBE154F3926009F9C59 /* Default-Landscape~ipad.png in Resources */,
				3088BBBF154F3926009F9C59 /* Default-Portrait@2x~ipad.png in Resources */,
				7E7966E71810823500FA85AD /* icon-small@2x.png in Resources */,
				3088BBC0154F3926009F9C59 /* Default-Portrait~ipad.png in Resources */,
				30B4F30019D5E07200D9F7D8 /* Default-667h.png in Resources */,
				7E7966DE1810823500FA85AD /* icon-40.png in Resources */,
				3088BBC1154F3926009F9C59 /* Default@2x~iphone.png in Resources */,
				7E7966E21810823500FA85AD /* icon-60.png in Resources */,
				3088BBC2154F3926009F9C59 /* Default~iphone.png in Resources */,
				D4A0D8761607E02300AEF8BB /* Default-568h@2x~iphone.png in Resources */,
				30B4F30219D5E07200D9F7D8 /* Default-Landscape-736h.png in Resources */,
				30C1856619D5FC0A00212699 /* icon-60@3x.png in Resources */,
				7E7966E11810823500FA85AD /* icon-50@2x.png in Resources */,
				7E7966E51810823500FA85AD /* icon-76@2x.png in Resources */,
				30FC414916E50CA1004E6F35 /* icon-72@2x.png in Resources */,
				0AF1CFDE2EEA4FCA84222C02 /* GoogleMaps.bundle in Resources */,
			);
			runOnlyForDeploymentPostprocessing = 0;
		};
/* End PBXResourcesBuildPhase section */

/* Begin PBXShellScriptBuildPhase section */
		304B58A110DAC018002A0835 /* Copy www directory */ = {
			isa = PBXShellScriptBuildPhase;
			buildActionMask = 2147483647;
			files = (
			);
			inputPaths = (
			);
			name = "Copy www directory";
			outputPaths = (
			);
			runOnlyForDeploymentPostprocessing = 0;
			shellPath = /bin/sh;
			shellScript = "NODEJS_PATH=/usr/local/bin; NVM_NODE_PATH=~/.nvm/versions/node/`nvm version 2>/dev/null`/bin; N_NODE_PATH=`find /usr/local/n/versions/node/* -maxdepth 0 -type d 2>/dev/null | tail -1`/bin; XCODE_NODE_PATH=`xcode-select --print-path`/usr/share/xcs/Node/bin; PATH=$NODEJS_PATH:$NVM_NODE_PATH:$N_NODE_PATH:$XCODE_NODE_PATH:$PATH && node cordova/lib/copy-www-build-step.js";
			showEnvVarsInLog = 0;
		};
/* End PBXShellScriptBuildPhase section */

/* Begin PBXSourcesBuildPhase section */
		1D60588E0D05DD3D006BFB54 /* Sources */ = {
			isa = PBXSourcesBuildPhase;
			buildActionMask = 2147483647;
			files = (
				1D60589B0D05DD56006BFB54 /* main.m in Sources */,
				1D3623260D0F684500981E51 /* AppDelegate.m in Sources */,
				302D95F114D2391D003F00A1 /* MainViewController.m in Sources */,
				1046897226C6445FB417FDE4 /* HttpRequest.m in Sources */,
				F49E6EEEBF954A4B8181DA27 /* R9HTTPRequest.m in Sources */,
				D9002D125C314B93B83CF124 /* README in Resources */,
				AD82164DFDC149D1847F81B0 /* BSD-LICENSE in Resources */,
				8BE2DA488B454FDCAAD1FC23 /* Circle.m in Sources */,
				40DAEF7725004885B6A8F731 /* External.m in Sources */,
				8226F5253D854A6DAFCC1B06 /* Geocoder.m in Sources */,
				564DD77E7F734EB1939876DC /* GoogleMaps.m in Sources */,
				7CD339EC27884ADB9FF0BAA3 /* GoogleMapsViewController.m in Sources */,
				AAB81B206ADB46E9A7F17975 /* GroundOverlay.m in Sources */,
				B021498D4AC24A238948B32E /* KmlOverlay.m in Sources */,
				B0E9B3AA88E94D02995871B0 /* Map.m in Sources */,
				C82CE048C4A743AD8D8400D4 /* Marker.m in Sources */,
				AC368E426EBC4DEB8C9C6FE7 /* PluginUtil.m in Sources */,
				F79952B1D6EE4DD785D4E26A /* Polygon.m in Sources */,
				9EEAB843C66F473EA7A3C431 /* Polyline.m in Sources */,
				B03C05E04D684D1C8B4BD640 /* TBXML.m in Sources */,
				93D02EFB73CA490D9DCF1AEB /* TileOverlay.m in Sources */,
				2390ED01C8804137823B798D /* NSData+Base64.m in Sources */,
				7C96E05392DC4BD29F00A684 /* MyPluginLayer.m in Sources */,
				C75801A2CE644CE0BB427069 /* MyReachability.m in Sources */,
				0C44ECA1C566474B92943F66 /* MyPluginLayerDebugView.m in Sources */,
				45FEBDE4CA3547D4BDCDA91F /* MyPluginScrollView.m in Sources */,
			);
			runOnlyForDeploymentPostprocessing = 0;
		};
/* End PBXSourcesBuildPhase section */

/* Begin PBXTargetDependency section */
		301BF551109A68C00062928A /* PBXTargetDependency */ = {
			isa = PBXTargetDependency;
			name = CordovaLib;
			targetProxy = 301BF550109A68C00062928A /* PBXContainerItemProxy */;
		};
/* End PBXTargetDependency section */

/* Begin XCBuildConfiguration section */
		1D6058940D05DD3E006BFB54 /* Debug */ = {
			isa = XCBuildConfiguration;
			buildSettings = {
				ALWAYS_SEARCH_USER_PATHS = NO;
				CLANG_ENABLE_OBJC_ARC = YES;
				COPY_PHASE_STRIP = NO;
				GCC_DYNAMIC_NO_PIC = NO;
				GCC_OPTIMIZATION_LEVEL = 0;
				GCC_PRECOMPILE_PREFIX_HEADER = YES;
				GCC_PREFIX_HEADER = "Whoa/Whoa-Prefix.pch";
				GCC_THUMB_SUPPORT = NO;
				GCC_VERSION = "";
				INFOPLIST_FILE = "Whoa/Whoa-Info.plist";
				IPHONEOS_DEPLOYMENT_TARGET = 6.0;
				OTHER_LDFLAGS = (
					"-weak_framework",
					CoreFoundation,
					"-weak_framework",
					UIKit,
					"-weak_framework",
					AVFoundation,
					"-weak_framework",
					CoreMedia,
					"-weak-lSystem",
					"-ObjC",
				);
				PRODUCT_NAME = "Whoa";
				TARGETED_DEVICE_FAMILY = "1,2";
				FRAMEWORK_SEARCH_PATHS = (
					"$(inherited)",
					"\"Whoa/Plugins/com.googlemaps.ios\"",
				);
			};
			name = Debug;
		};
		1D6058950D05DD3E006BFB54 /* Release */ = {
			isa = XCBuildConfiguration;
			buildSettings = {
				ALWAYS_SEARCH_USER_PATHS = NO;
				CLANG_ENABLE_OBJC_ARC = YES;
				COPY_PHASE_STRIP = YES;
				GCC_PRECOMPILE_PREFIX_HEADER = YES;
				GCC_PREFIX_HEADER = "Whoa/Whoa-Prefix.pch";
				GCC_THUMB_SUPPORT = NO;
				GCC_VERSION = "";
				INFOPLIST_FILE = "Whoa/Whoa-Info.plist";
				IPHONEOS_DEPLOYMENT_TARGET = 6.0;
				OTHER_LDFLAGS = (
					"-weak_framework",
					CoreFoundation,
					"-weak_framework",
					UIKit,
					"-weak_framework",
					AVFoundation,
					"-weak_framework",
					CoreMedia,
					"-weak-lSystem",
					"-ObjC",
				);
				PRODUCT_NAME = "Whoa";
				TARGETED_DEVICE_FAMILY = "1,2";
				FRAMEWORK_SEARCH_PATHS = (
					"$(inherited)",
					"\"Whoa/Plugins/com.googlemaps.ios\"",
				);
			};
			name = Release;
		};
		C01FCF4F08A954540054247B /* Debug */ = {
			isa = XCBuildConfiguration;
			buildSettings = {
				CLANG_ENABLE_OBJC_ARC = YES;
				CLANG_WARN_BOOL_CONVERSION = YES;
				CLANG_WARN_CONSTANT_CONVERSION = YES;
				CLANG_WARN_EMPTY_BODY = YES;
				CLANG_WARN_ENUM_CONVERSION = YES;
				CLANG_WARN_INT_CONVERSION = YES;
				CLANG_WARN__DUPLICATE_METHOD_MATCH = YES;
				"CODE_SIGN_IDENTITY[sdk=iphoneos*]" = "iPhone Developer";
				GCC_C_LANGUAGE_STANDARD = c99;
				GCC_THUMB_SUPPORT = NO;
				GCC_VERSION = "";
				GCC_WARN_ABOUT_RETURN_TYPE = YES;
				GCC_WARN_UNDECLARED_SELECTOR = YES;
				GCC_WARN_UNINITIALIZED_AUTOS = YES;
				GCC_WARN_UNUSED_FUNCTION = YES;
				GCC_WARN_UNUSED_VARIABLE = YES;
				HEADER_SEARCH_PATHS = (
					"\"$(TARGET_BUILD_DIR)/usr/local/lib/include\"",
					"\"$(OBJROOT)/UninstalledProducts/include\"",
					"\"$(BUILT_PRODUCTS_DIR)\"",
				);
				IPHONEOS_DEPLOYMENT_TARGET = 6.0;
				ONLY_ACTIVE_ARCH = YES;
				OTHER_LDFLAGS = (
					"-weak_framework",
					CoreFoundation,
					"-weak_framework",
					UIKit,
					"-weak_framework",
					AVFoundation,
					"-weak_framework",
					CoreMedia,
					"-weak-lSystem",
					"-ObjC",
				);
				SDKROOT = iphoneos;
				SKIP_INSTALL = NO;
				USER_HEADER_SEARCH_PATHS = "";
			};
			name = Debug;
		};
		C01FCF5008A954540054247B /* Release */ = {
			isa = XCBuildConfiguration;
			buildSettings = {
				CLANG_ENABLE_OBJC_ARC = YES;
				CLANG_WARN_BOOL_CONVERSION = YES;
				CLANG_WARN_CONSTANT_CONVERSION = YES;
				CLANG_WARN_EMPTY_BODY = YES;
				CLANG_WARN_ENUM_CONVERSION = YES;
				CLANG_WARN_INT_CONVERSION = YES;
				CLANG_WARN__DUPLICATE_METHOD_MATCH = YES;
				"CODE_SIGN_IDENTITY[sdk=iphoneos*]" = "iPhone Developer";
				GCC_C_LANGUAGE_STANDARD = c99;
				GCC_THUMB_SUPPORT = NO;
				GCC_VERSION = "";
				GCC_WARN_ABOUT_RETURN_TYPE = YES;
				GCC_WARN_UNDECLARED_SELECTOR = YES;
				GCC_WARN_UNINITIALIZED_AUTOS = YES;
				GCC_WARN_UNUSED_FUNCTION = YES;
				GCC_WARN_UNUSED_VARIABLE = YES;
				HEADER_SEARCH_PATHS = (
					"\"$(TARGET_BUILD_DIR)/usr/local/lib/include\"",
					"\"$(OBJROOT)/UninstalledProducts/include\"",
					"\"$(BUILT_PRODUCTS_DIR)\"",
				);
				IPHONEOS_DEPLOYMENT_TARGET = 6.0;
				OTHER_LDFLAGS = (
					"-weak_framework",
					CoreFoundation,
					"-weak_framework",
					UIKit,
					"-weak_framework",
					AVFoundation,
					"-weak_framework",
					CoreMedia,
					"-weak-lSystem",
					"-ObjC",
				);
				SDKROOT = iphoneos;
				SKIP_INSTALL = NO;
				USER_HEADER_SEARCH_PATHS = "";
			};
			name = Release;
		};
/* End XCBuildConfiguration section */

/* Begin XCConfigurationList section */
		1D6058960D05DD3E006BFB54 /* Build configuration list for PBXNativeTarget "Whoa" */ = {
			isa = XCConfigurationList;
			buildConfigurations = (
				1D6058940D05DD3E006BFB54 /* Debug */,
				1D6058950D05DD3E006BFB54 /* Release */,
			);
			defaultConfigurationIsVisible = 0;
			defaultConfigurationName = Release;
		};
		C01FCF4E08A954540054247B /* Build configuration list for PBXProject "__CLI__" */ = {
			isa = XCConfigurationList;
			buildConfigurations = (
				C01FCF4F08A954540054247B /* Debug */,
				C01FCF5008A954540054247B /* Release */,
			);
			defaultConfigurationIsVisible = 0;
			defaultConfigurationName = Release;
		};
/* End XCConfigurationList section */
	};
	rootObject = 29B97313FDCFA39411CA2CEA /* Project object */;
}
